
Microsoft Visual Studio Solution File, Format Version 12.00
# Visual Studio 15
VisualStudioVersion = 15.0.28307.102
MinimumVisualStudioVersion = 10.0.40219.1
Project("{FAE04EC0-301F-11D3-BF4B-00C04F79EFBC}") = "FirebaseDb.Android", "FirebaseDb\FirebaseDb.Android\FirebaseDb.Android.csproj", "{0A4DE473-6655-42F2-878D-EACFD165EA41}"
EndProject
Project("{FAE04EC0-301F-11D3-BF4B-00C04F79EFBC}") = "FirebaseDb.iOS", "FirebaseDb\FirebaseDb.iOS\FirebaseDb.iOS.csproj", "{51900BBE-EDAC-4C45-ACED-4F59F96BC139}"
EndProject
Project("{FAE04EC0-301F-11D3-BF4B-00C04F79EFBC}") = "FirebaseDb.UWP", "FirebaseDb\FirebaseDb.UWP\FirebaseDb.UWP.csproj", "{66A8405B-BE92-4870-A9AF-F371F5727A13}"
EndProject
Project("{FAE04EC0-301F-11D3-BF4B-00C04F79EFBC}") = "FirebaseDb", "FirebaseDb\FirebaseDb\FirebaseDb.csproj", "{FC98C05A-2F52-4AE9-B6A8-36657094900B}"
EndProject
Project("{FAE04EC0-301F-11D3-BF4B-00C04F79EFBC}") = "Firebase", "Firebase\Firebase.csproj", "{0ACE0CBB-6BB4-4E10-B6E0-1DB7B2DF807E}"
EndProject
Global
	GlobalSection(SolutionConfigurationPlatforms) = preSolution
		Ad-Hoc|Any CPU = Ad-Hoc|Any CPU
		Ad-Hoc|ARM = Ad-Hoc|ARM
		Ad-Hoc|iPhone = Ad-Hoc|iPhone
		Ad-Hoc|iPhoneSimulator = Ad-Hoc|iPhoneSimulator
		Ad-Hoc|x64 = Ad-Hoc|x64
		Ad-Hoc|x86 = Ad-Hoc|x86
		AppStore|Any CPU = AppStore|Any CPU
		AppStore|ARM = AppStore|ARM
		AppStore|iPhone = AppStore|iPhone
		AppStore|iPhoneSimulator = AppStore|iPhoneSimulator
		AppStore|x64 = AppStore|x64
		AppStore|x86 = AppStore|x86
		Debug|Any CPU = Debug|Any CPU
		Debug|ARM = Debug|ARM
		Debug|iPhone = Debug|iPhone
		Debug|iPhoneSimulator = Debug|iPhoneSimulator
		Debug|x64 = Debug|x64
		Debug|x86 = Debug|x86
		Release|Any CPU = Release|Any CPU
		Release|ARM = Release|ARM
		Release|iPhone = Release|iPhone
		Release|iPhoneSimulator = Release|iPhoneSimulator
		Release|x64 = Release|x64
		Release|x86 = Release|x86
	EndGlobalSection
	GlobalSection(ProjectConfigurationPlatforms) = postSolution
		{0A4DE473-6655-42F2-878D-EACFD165EA41}.Ad-Hoc|Any CPU.ActiveCfg = Release|Any CPU
		{0A4DE473-6655-42F2-878D-EACFD165EA41}.Ad-Hoc|Any CPU.Build.0 = Release|Any CPU
		{0A4DE473-6655-42F2-878D-EACFD165EA41}.Ad-Hoc|Any CPU.Deploy.0 = Release|Any CPU
		{0A4DE473-6655-42F2-878D-EACFD165EA41}.Ad-Hoc|ARM.ActiveCfg = Release|Any CPU
		{0A4DE473-6655-42F2-878D-EACFD165EA41}.Ad-Hoc|ARM.Build.0 = Release|Any CPU
		{0A4DE473-6655-42F2-878D-EACFD165EA41}.Ad-Hoc|ARM.Deploy.0 = Release|Any CPU
		{0A4DE473-6655-42F2-878D-EACFD165EA41}.Ad-Hoc|iPhone.ActiveCfg = Release|Any CPU
		{0A4DE473-6655-42F2-878D-EACFD165EA41}.Ad-Hoc|iPhone.Build.0 = Release|Any CPU
		{0A4DE473-6655-42F2-878D-EACFD165EA41}.Ad-Hoc|iPhone.Deploy.0 = Release|Any CPU
		{0A4DE473-6655-42F2-878D-EACFD165EA41}.Ad-Hoc|iPhoneSimulator.ActiveCfg = Release|Any CPU
		{0A4DE473-6655-42F2-878D-EACFD165EA41}.Ad-Hoc|iPhoneSimulator.Build.0 = Release|Any CPU
		{0A4DE473-6655-42F2-878D-EACFD165EA41}.Ad-Hoc|iPhoneSimulator.Deploy.0 = Release|Any CPU
		{0A4DE473-6655-42F2-878D-EACFD165EA41}.Ad-Hoc|x64.ActiveCfg = Release|Any CPU
		{0A4DE473-6655-42F2-878D-EACFD165EA41}.Ad-Hoc|x64.Build.0 = Release|Any CPU
		{0A4DE473-6655-42F2-878D-EACFD165EA41}.Ad-Hoc|x64.Deploy.0 = Release|Any CPU
		{0A4DE473-6655-42F2-878D-EACFD165EA41}.Ad-Hoc|x86.ActiveCfg = Release|Any CPU
		{0A4DE473-6655-42F2-878D-EACFD165EA41}.Ad-Hoc|x86.Build.0 = Release|Any CPU
		{0A4DE473-6655-42F2-878D-EACFD165EA41}.Ad-Hoc|x86.Deploy.0 = Release|Any CPU
		{0A4DE473-6655-42F2-878D-EACFD165EA41}.AppStore|Any CPU.ActiveCfg = Release|Any CPU
		{0A4DE473-6655-42F2-878D-EACFD165EA41}.AppStore|Any CPU.Build.0 = Release|Any CPU
		{0A4DE473-6655-42F2-878D-EACFD165EA41}.AppStore|Any CPU.Deploy.0 = Release|Any CPU
		{0A4DE473-6655-42F2-878D-EACFD165EA41}.AppStore|ARM.ActiveCfg = Release|Any CPU
		{0A4DE473-6655-42F2-878D-EACFD165EA41}.AppStore|ARM.Build.0 = Release|Any CPU
		{0A4DE473-6655-42F2-878D-EACFD165EA41}.AppStore|ARM.Deploy.0 = Release|Any CPU
		{0A4DE473-6655-42F2-878D-EACFD165EA41}.AppStore|iPhone.ActiveCfg = Release|Any CPU
		{0A4DE473-6655-42F2-878D-EACFD165EA41}.AppStore|iPhone.Build.0 = Release|Any CPU
		{0A4DE473-6655-42F2-878D-EACFD165EA41}.AppStore|iPhone.Deploy.0 = Release|Any CPU
		{0A4DE473-6655-42F2-878D-EACFD165EA41}.AppStore|iPhoneSimulator.ActiveCfg = Release|Any CPU
		{0A4DE473-6655-42F2-878D-EACFD165EA41}.AppStore|iPhoneSimulator.Build.0 = Release|Any CPU
		{0A4DE473-6655-42F2-878D-EACFD165EA41}.AppStore|iPhoneSimulator.Deploy.0 = Release|Any CPU
		{0A4DE473-6655-42F2-878D-EACFD165EA41}.AppStore|x64.ActiveCfg = Release|Any CPU
		{0A4DE473-6655-42F2-878D-EACFD165EA41}.AppStore|x64.Build.0 = Release|Any CPU
		{0A4DE473-6655-42F2-878D-EACFD165EA41}.AppStore|x64.Deploy.0 = Release|Any CPU
		{0A4DE473-6655-42F2-878D-EACFD165EA41}.AppStore|x86.ActiveCfg = Release|Any CPU
		{0A4DE473-6655-42F2-878D-EACFD165EA41}.AppStore|x86.Build.0 = Release|Any CPU
		{0A4DE473-6655-42F2-878D-EACFD165EA41}.AppStore|x86.Deploy.0 = Release|Any CPU
		{0A4DE473-6655-42F2-878D-EACFD165EA41}.Debug|Any CPU.ActiveCfg = Debug|Any CPU
		{0A4DE473-6655-42F2-878D-EACFD165EA41}.Debug|Any CPU.Build.0 = Debug|Any CPU
		{0A4DE473-6655-42F2-878D-EACFD165EA41}.Debug|Any CPU.Deploy.0 = Debug|Any CPU
		{0A4DE473-6655-42F2-878D-EACFD165EA41}.Debug|ARM.ActiveCfg = Debug|Any CPU
		{0A4DE473-6655-42F2-878D-EACFD165EA41}.Debug|ARM.Build.0 = Debug|Any CPU
		{0A4DE473-6655-42F2-878D-EACFD165EA41}.Debug|ARM.Deploy.0 = Debug|Any CPU
		{0A4DE473-6655-42F2-878D-EACFD165EA41}.Debug|iPhone.ActiveCfg = Debug|Any CPU
		{0A4DE473-6655-42F2-878D-EACFD165EA41}.Debug|iPhone.Build.0 = Debug|Any CPU
		{0A4DE473-6655-42F2-878D-EACFD165EA41}.Debug|iPhone.Deploy.0 = Debug|Any CPU
		{0A4DE473-6655-42F2-878D-EACFD165EA41}.Debug|iPhoneSimulator.ActiveCfg = Debug|Any CPU
		{0A4DE473-6655-42F2-878D-EACFD165EA41}.Debug|iPhoneSimulator.Build.0 = Debug|Any CPU
		{0A4DE473-6655-42F2-878D-EACFD165EA41}.Debug|iPhoneSimulator.Deploy.0 = Debug|Any CPU
		{0A4DE473-6655-42F2-878D-EACFD165EA41}.Debug|x64.ActiveCfg = Debug|Any CPU
		{0A4DE473-6655-42F2-878D-EACFD165EA41}.Debug|x64.Build.0 = Debug|Any CPU
		{0A4DE473-6655-42F2-878D-EACFD165EA41}.Debug|x64.Deploy.0 = Debug|Any CPU
		{0A4DE473-6655-42F2-878D-EACFD165EA41}.Debug|x86.ActiveCfg = Debug|Any CPU
		{0A4DE473-6655-42F2-878D-EACFD165EA41}.Debug|x86.Build.0 = Debug|Any CPU
		{0A4DE473-6655-42F2-878D-EACFD165EA41}.Debug|x86.Deploy.0 = Debug|Any CPU
		{0A4DE473-6655-42F2-878D-EACFD165EA41}.Release|Any CPU.ActiveCfg = Release|Any CPU
		{0A4DE473-6655-42F2-878D-EACFD165EA41}.Release|Any CPU.Build.0 = Release|Any CPU
		{0A4DE473-6655-42F2-878D-EACFD165EA41}.Release|Any CPU.Deploy.0 = Release|Any CPU
		{0A4DE473-6655-42F2-878D-EACFD165EA41}.Release|ARM.ActiveCfg = Release|Any CPU
		{0A4DE473-6655-42F2-878D-EACFD165EA41}.Release|ARM.Build.0 = Release|Any CPU
		{0A4DE473-6655-42F2-878D-EACFD165EA41}.Release|ARM.Deploy.0 = Release|Any CPU
		{0A4DE473-6655-42F2-878D-EACFD165EA41}.Release|iPhone.ActiveCfg = Release|Any CPU
		{0A4DE473-6655-42F2-878D-EACFD165EA41}.Release|iPhone.Build.0 = Release|Any CPU
		{0A4DE473-6655-42F2-878D-EACFD165EA41}.Release|iPhone.Deploy.0 = Release|Any CPU
		{0A4DE473-6655-42F2-878D-EACFD165EA41}.Release|iPhoneSimulator.ActiveCfg = Release|Any CPU
		{0A4DE473-6655-42F2-878D-EACFD165EA41}.Release|iPhoneSimulator.Build.0 = Release|Any CPU
		{0A4DE473-6655-42F2-878D-EACFD165EA41}.Release|iPhoneSimulator.Deploy.0 = Release|Any CPU
		{0A4DE473-6655-42F2-878D-EACFD165EA41}.Release|x64.ActiveCfg = Release|Any CPU
		{0A4DE473-6655-42F2-878D-EACFD165EA41}.Release|x64.Build.0 = Release|Any CPU
		{0A4DE473-6655-42F2-878D-EACFD165EA41}.Release|x64.Deploy.0 = Release|Any CPU
		{0A4DE473-6655-42F2-878D-EACFD165EA41}.Release|x86.ActiveCfg = Release|Any CPU
		{0A4DE473-6655-42F2-878D-EACFD165EA41}.Release|x86.Build.0 = Release|Any CPU
		{0A4DE473-6655-42F2-878D-EACFD165EA41}.Release|x86.Deploy.0 = Release|Any CPU
		{51900BBE-EDAC-4C45-ACED-4F59F96BC139}.Ad-Hoc|Any CPU.ActiveCfg = Ad-Hoc|iPhone
		{51900BBE-EDAC-4C45-ACED-4F59F96BC139}.Ad-Hoc|Any CPU.Build.0 = Ad-Hoc|iPhone
		{51900BBE-EDAC-4C45-ACED-4F59F96BC139}.Ad-Hoc|Any CPU.Deploy.0 = Ad-Hoc|iPhone
		{51900BBE-EDAC-4C45-ACED-4F59F96BC139}.Ad-Hoc|ARM.ActiveCfg = Ad-Hoc|iPhone
		{51900BBE-EDAC-4C45-ACED-4F59F96BC139}.Ad-Hoc|ARM.Build.0 = Ad-Hoc|iPhone
		{51900BBE-EDAC-4C45-ACED-4F59F96BC139}.Ad-Hoc|ARM.Deploy.0 = Ad-Hoc|iPhone
		{51900BBE-EDAC-4C45-ACED-4F59F96BC139}.Ad-Hoc|iPhone.ActiveCfg = Ad-Hoc|iPhone
		{51900BBE-EDAC-4C45-ACED-4F59F96BC139}.Ad-Hoc|iPhone.Build.0 = Ad-Hoc|iPhone
		{51900BBE-EDAC-4C45-ACED-4F59F96BC139}.Ad-Hoc|iPhone.Deploy.0 = Ad-Hoc|iPhone
		{51900BBE-EDAC-4C45-ACED-4F59F96BC139}.Ad-Hoc|iPhoneSimulator.ActiveCfg = Ad-Hoc|iPhoneSimulator
		{51900BBE-EDAC-4C45-ACED-4F59F96BC139}.Ad-Hoc|iPhoneSimulator.Build.0 = Ad-Hoc|iPhoneSimulator
		{51900BBE-EDAC-4C45-ACED-4F59F96BC139}.Ad-Hoc|iPhoneSimulator.Deploy.0 = Ad-Hoc|iPhoneSimulator
		{51900BBE-EDAC-4C45-ACED-4F59F96BC139}.Ad-Hoc|x64.ActiveCfg = Ad-Hoc|iPhone
		{51900BBE-EDAC-4C45-ACED-4F59F96BC139}.Ad-Hoc|x64.Build.0 = Ad-Hoc|iPhone
		{51900BBE-EDAC-4C45-ACED-4F59F96BC139}.Ad-Hoc|x64.Deploy.0 = Ad-Hoc|iPhone
		{51900BBE-EDAC-4C45-ACED-4F59F96BC139}.Ad-Hoc|x86.ActiveCfg = Ad-Hoc|iPhone
		{51900BBE-EDAC-4C45-ACED-4F59F96BC139}.Ad-Hoc|x86.Build.0 = Ad-Hoc|iPhone
		{51900BBE-EDAC-4C45-ACED-4F59F96BC139}.Ad-Hoc|x86.Deploy.0 = Ad-Hoc|iPhone
		{51900BBE-EDAC-4C45-ACED-4F59F96BC139}.AppStore|Any CPU.ActiveCfg = AppStore|iPhone
		{51900BBE-EDAC-4C45-ACED-4F59F96BC139}.AppStore|Any CPU.Build.0 = AppStore|iPhone
		{51900BBE-EDAC-4C45-ACED-4F59F96BC139}.AppStore|Any CPU.Deploy.0 = AppStore|iPhone
		{51900BBE-EDAC-4C45-ACED-4F59F96BC139}.AppStore|ARM.ActiveCfg = AppStore|iPhone
		{51900BBE-EDAC-4C45-ACED-4F59F96BC139}.AppStore|ARM.Build.0 = AppStore|iPhone
		{51900BBE-EDAC-4C45-ACED-4F59F96BC139}.AppStore|ARM.Deploy.0 = AppStore|iPhone
		{51900BBE-EDAC-4C45-ACED-4F59F96BC139}.AppStore|iPhone.ActiveCfg = AppStore|iPhone
		{51900BBE-EDAC-4C45-ACED-4F59F96BC139}.AppStore|iPhone.Build.0 = AppStore|iPhone
		{51900BBE-EDAC-4C45-ACED-4F59F96BC139}.AppStore|iPhone.Deploy.0 = AppStore|iPhone
		{51900BBE-EDAC-4C45-ACED-4F59F96BC139}.AppStore|iPhoneSimulator.ActiveCfg = AppStore|iPhoneSimulator
		{51900BBE-EDAC-4C45-ACED-4F59F96BC139}.AppStore|iPhoneSimulator.Build.0 = AppStore|iPhoneSimulator
		{51900BBE-EDAC-4C45-ACED-4F59F96BC139}.AppStore|iPhoneSimulator.Deploy.0 = AppStore|iPhoneSimulator
		{51900BBE-EDAC-4C45-ACED-4F59F96BC139}.AppStore|x64.ActiveCfg = AppStore|iPhone
		{51900BBE-EDAC-4C45-ACED-4F59F96BC139}.AppStore|x64.Build.0 = AppStore|iPhone
		{51900BBE-EDAC-4C45-ACED-4F59F96BC139}.AppStore|x64.Deploy.0 = AppStore|iPhone
		{51900BBE-EDAC-4C45-ACED-4F59F96BC139}.AppStore|x86.ActiveCfg = AppStore|iPhone
		{51900BBE-EDAC-4C45-ACED-4F59F96BC139}.AppStore|x86.Build.0 = AppStore|iPhone
		{51900BBE-EDAC-4C45-ACED-4F59F96BC139}.AppStore|x86.Deploy.0 = AppStore|iPhone
		{51900BBE-EDAC-4C45-ACED-4F59F96BC139}.Debug|Any CPU.ActiveCfg = Debug|iPhoneSimulator
		{51900BBE-EDAC-4C45-ACED-4F59F96BC139}.Debug|Any CPU.Build.0 = Debug|iPhoneSimulator
		{51900BBE-EDAC-4C45-ACED-4F59F96BC139}.Debug|Any CPU.Deploy.0 = Debug|iPhoneSimulator
		{51900BBE-EDAC-4C45-ACED-4F59F96BC139}.Debug|ARM.ActiveCfg = Debug|iPhone
		{51900BBE-EDAC-4C45-ACED-4F59F96BC139}.Debug|ARM.Build.0 = Debug|iPhone
		{51900BBE-EDAC-4C45-ACED-4F59F96BC139}.Debug|ARM.Deploy.0 = Debug|iPhone
		{51900BBE-EDAC-4C45-ACED-4F59F96BC139}.Debug|iPhone.ActiveCfg = Debug|iPhone
		{51900BBE-EDAC-4C45-ACED-4F59F96BC139}.Debug|iPhone.Build.0 = Debug|iPhone
		{51900BBE-EDAC-4C45-ACED-4F59F96BC139}.Debug|iPhone.Deploy.0 = Debug|iPhone
		{51900BBE-EDAC-4C45-ACED-4F59F96BC139}.Debug|iPhoneSimulator.ActiveCfg = Debug|iPhoneSimulator
		{51900BBE-EDAC-4C45-ACED-4F59F96BC139}.Debug|iPhoneSimulator.Build.0 = Debug|iPhoneSimulator
		{51900BBE-EDAC-4C45-ACED-4F59F96BC139}.Debug|iPhoneSimulator.Deploy.0 = Debug|iPhoneSimulator
		{51900BBE-EDAC-4C45-ACED-4F59F96BC139}.Debug|x64.ActiveCfg = Debug|iPhone
		{51900BBE-EDAC-4C45-ACED-4F59F96BC139}.Debug|x64.Build.0 = Debug|iPhone
		{51900BBE-EDAC-4C45-ACED-4F59F96BC139}.Debug|x64.Deploy.0 = Debug|iPhone
		{51900BBE-EDAC-4C45-ACED-4F59F96BC139}.Debug|x86.ActiveCfg = Debug|iPhone
		{51900BBE-EDAC-4C45-ACED-4F59F96BC139}.Debug|x86.Build.0 = Debug|iPhone
		{51900BBE-EDAC-4C45-ACED-4F59F96BC139}.Debug|x86.Deploy.0 = Debug|iPhone
		{51900BBE-EDAC-4C45-ACED-4F59F96BC139}.Release|Any CPU.ActiveCfg = Release|iPhone
		{51900BBE-EDAC-4C45-ACED-4F59F96BC139}.Release|Any CPU.Build.0 = Release|iPhone
		{51900BBE-EDAC-4C45-ACED-4F59F96BC139}.Release|Any CPU.Deploy.0 = Release|iPhone
		{51900BBE-EDAC-4C45-ACED-4F59F96BC139}.Release|ARM.ActiveCfg = Release|iPhone
		{51900BBE-EDAC-4C45-ACED-4F59F96BC139}.Release|ARM.Build.0 = Release|iPhone
		{51900BBE-EDAC-4C45-ACED-4F59F96BC139}.Release|ARM.Deploy.0 = Release|iPhone
		{51900BBE-EDAC-4C45-ACED-4F59F96BC139}.Release|iPhone.ActiveCfg = Release|iPhone
		{51900BBE-EDAC-4C45-ACED-4F59F96BC139}.Release|iPhone.Build.0 = Release|iPhone
		{51900BBE-EDAC-4C45-ACED-4F59F96BC139}.Release|iPhone.Deploy.0 = Release|iPhone
		{51900BBE-EDAC-4C45-ACED-4F59F96BC139}.Release|iPhoneSimulator.ActiveCfg = Release|iPhoneSimulator
		{51900BBE-EDAC-4C45-ACED-4F59F96BC139}.Release|iPhoneSimulator.Build.0 = Release|iPhoneSimulator
		{51900BBE-EDAC-4C45-ACED-4F59F96BC139}.Release|iPhoneSimulator.Deploy.0 = Release|iPhoneSimulator
		{51900BBE-EDAC-4C45-ACED-4F59F96BC139}.Release|x64.ActiveCfg = Release|iPhone
		{51900BBE-EDAC-4C45-ACED-4F59F96BC139}.Release|x64.Build.0 = Release|iPhone
		{51900BBE-EDAC-4C45-ACED-4F59F96BC139}.Release|x64.Deploy.0 = Release|iPhone
		{51900BBE-EDAC-4C45-ACED-4F59F96BC139}.Release|x86.ActiveCfg = Release|iPhone
		{51900BBE-EDAC-4C45-ACED-4F59F96BC139}.Release|x86.Build.0 = Release|iPhone
		{51900BBE-EDAC-4C45-ACED-4F59F96BC139}.Release|x86.Deploy.0 = Release|iPhone
		{66A8405B-BE92-4870-A9AF-F371F5727A13}.Ad-Hoc|Any CPU.ActiveCfg = Release|x86
		{66A8405B-BE92-4870-A9AF-F371F5727A13}.Ad-Hoc|Any CPU.Build.0 = Release|x86
		{66A8405B-BE92-4870-A9AF-F371F5727A13}.Ad-Hoc|Any CPU.Deploy.0 = Release|x86
		{66A8405B-BE92-4870-A9AF-F371F5727A13}.Ad-Hoc|ARM.ActiveCfg = Release|ARM
		{66A8405B-BE92-4870-A9AF-F371F5727A13}.Ad-Hoc|ARM.Build.0 = Release|ARM
		{66A8405B-BE92-4870-A9AF-F371F5727A13}.Ad-Hoc|ARM.Deploy.0 = Release|ARM
		{66A8405B-BE92-4870-A9AF-F371F5727A13}.Ad-Hoc|iPhone.ActiveCfg = Release|x86
		{66A8405B-BE92-4870-A9AF-F371F5727A13}.Ad-Hoc|iPhone.Build.0 = Release|x86
		{66A8405B-BE92-4870-A9AF-F371F5727A13}.Ad-Hoc|iPhone.Deploy.0 = Release|x86
		{66A8405B-BE92-4870-A9AF-F371F5727A13}.Ad-Hoc|iPhoneSimulator.ActiveCfg = Release|x86
		{66A8405B-BE92-4870-A9AF-F371F5727A13}.Ad-Hoc|iPhoneSimulator.Build.0 = Release|x86
		{66A8405B-BE92-4870-A9AF-F371F5727A13}.Ad-Hoc|iPhoneSimulator.Deploy.0 = Release|x86
		{66A8405B-BE92-4870-A9AF-F371F5727A13}.Ad-Hoc|x64.ActiveCfg = Release|x64
		{66A8405B-BE92-4870-A9AF-F371F5727A13}.Ad-Hoc|x64.Build.0 = Release|x64
		{66A8405B-BE92-4870-A9AF-F371F5727A13}.Ad-Hoc|x64.Deploy.0 = Release|x64
		{66A8405B-BE92-4870-A9AF-F371F5727A13}.Ad-Hoc|x86.ActiveCfg = Release|x86
		{66A8405B-BE92-4870-A9AF-F371F5727A13}.Ad-Hoc|x86.Build.0 = Release|x86
		{66A8405B-BE92-4870-A9AF-F371F5727A13}.Ad-Hoc|x86.Deploy.0 = Release|x86
		{66A8405B-BE92-4870-A9AF-F371F5727A13}.AppStore|Any CPU.ActiveCfg = Release|x86
		{66A8405B-BE92-4870-A9AF-F371F5727A13}.AppStore|Any CPU.Build.0 = Release|x86
		{66A8405B-BE92-4870-A9AF-F371F5727A13}.AppStore|Any CPU.Deploy.0 = Release|x86
		{66A8405B-BE92-4870-A9AF-F371F5727A13}.AppStore|ARM.ActiveCfg = Release|ARM
		{66A8405B-BE92-4870-A9AF-F371F5727A13}.AppStore|ARM.Build.0 = Release|ARM
		{66A8405B-BE92-4870-A9AF-F371F5727A13}.AppStore|ARM.Deploy.0 = Release|ARM
		{66A8405B-BE92-4870-A9AF-F371F5727A13}.AppStore|iPhone.ActiveCfg = Release|x86
		{66A8405B-BE92-4870-A9AF-F371F5727A13}.AppStore|iPhone.Build.0 = Release|x86
		{66A8405B-BE92-4870-A9AF-F371F5727A13}.AppStore|iPhone.Deploy.0 = Release|x86
		{66A8405B-BE92-4870-A9AF-F371F5727A13}.AppStore|iPhoneSimulator.ActiveCfg = Release|x86
		{66A8405B-BE92-4870-A9AF-F371F5727A13}.AppStore|iPhoneSimulator.Build.0 = Release|x86
		{66A8405B-BE92-4870-A9AF-F371F5727A13}.AppStore|iPhoneSimulator.Deploy.0 = Release|x86
		{66A8405B-BE92-4870-A9AF-F371F5727A13}.AppStore|x64.ActiveCfg = Release|x64
		{66A8405B-BE92-4870-A9AF-F371F5727A13}.AppStore|x64.Build.0 = Release|x64
		{66A8405B-BE92-4870-A9AF-F371F5727A13}.AppStore|x64.Deploy.0 = Release|x64
		{66A8405B-BE92-4870-A9AF-F371F5727A13}.AppStore|x86.ActiveCfg = Release|x86
		{66A8405B-BE92-4870-A9AF-F371F5727A13}.AppStore|x86.Build.0 = Release|x86
		{66A8405B-BE92-4870-A9AF-F371F5727A13}.AppStore|x86.Deploy.0 = Release|x86
		{66A8405B-BE92-4870-A9AF-F371F5727A13}.Debug|Any CPU.ActiveCfg = Debug|x86
		{66A8405B-BE92-4870-A9AF-F371F5727A13}.Debug|Any CPU.Build.0 = Debug|x86
		{66A8405B-BE92-4870-A9AF-F371F5727A13}.Debug|Any CPU.Deploy.0 = Debug|x86
		{66A8405B-BE92-4870-A9AF-F371F5727A13}.Debug|ARM.ActiveCfg = Debug|ARM
		{66A8405B-BE92-4870-A9AF-F371F5727A13}.Debug|ARM.Build.0 = Debug|ARM
		{66A8405B-BE92-4870-A9AF-F371F5727A13}.Debug|ARM.Deploy.0 = Debug|ARM
		{66A8405B-BE92-4870-A9AF-F371F5727A13}.Debug|iPhone.ActiveCfg = Debug|x86
		{66A8405B-BE92-4870-A9AF-F371F5727A13}.Debug|iPhone.Build.0 = Debug|x86
		{66A8405B-BE92-4870-A9AF-F371F5727A13}.Debug|iPhone.Deploy.0 = Debug|x86
		{66A8405B-BE92-4870-A9AF-F371F5727A13}.Debug|iPhoneSimulator.ActiveCfg = Debug|x86
		{66A8405B-BE92-4870-A9AF-F371F5727A13}.Debug|iPhoneSimulator.Build.0 = Debug|x86
		{66A8405B-BE92-4870-A9AF-F371F5727A13}.Debug|iPhoneSimulator.Deploy.0 = Debug|x86
		{66A8405B-BE92-4870-A9AF-F371F5727A13}.Debug|x64.ActiveCfg = Debug|x64
		{66A8405B-BE92-4870-A9AF-F371F5727A13}.Debug|x64.Build.0 = Debug|x64
		{66A8405B-BE92-4870-A9AF-F371F5727A13}.Debug|x64.Deploy.0 = Debug|x64
		{66A8405B-BE92-4870-A9AF-F371F5727A13}.Debug|x86.ActiveCfg = Debug|x86
		{66A8405B-BE92-4870-A9AF-F371F5727A13}.Debug|x86.Build.0 = Debug|x86
		{66A8405B-BE92-4870-A9AF-F371F5727A13}.Debug|x86.Deploy.0 = Debug|x86
		{66A8405B-BE92-4870-A9AF-F371F5727A13}.Release|Any CPU.ActiveCfg = Release|x86
		{66A8405B-BE92-4870-A9AF-F371F5727A13}.Release|Any CPU.Build.0 = Release|x86
		{66A8405B-BE92-4870-A9AF-F371F5727A13}.Release|Any CPU.Deploy.0 = Release|x86
		{66A8405B-BE92-4870-A9AF-F371F5727A13}.Release|ARM.ActiveCfg = Release|ARM
		{66A8405B-BE92-4870-A9AF-F371F5727A13}.Release|ARM.Build.0 = Release|ARM
		{66A8405B-BE92-4870-A9AF-F371F5727A13}.Release|ARM.Deploy.0 = Release|ARM
		{66A8405B-BE92-4870-A9AF-F371F5727A13}.Release|iPhone.ActiveCfg = Release|x86
		{66A8405B-BE92-4870-A9AF-F371F5727A13}.Release|iPhone.Build.0 = Release|x86
		{66A8405B-BE92-4870-A9AF-F371F5727A13}.Release|iPhone.Deploy.0 = Release|x86
		{66A8405B-BE92-4870-A9AF-F371F5727A13}.Release|iPhoneSimulator.ActiveCfg = Release|x86
		{66A8405B-BE92-4870-A9AF-F371F5727A13}.Release|iPhoneSimulator.Build.0 = Release|x86
		{66A8405B-BE92-4870-A9AF-F371F5727A13}.Release|iPhoneSimulator.Deploy.0 = Release|x86
		{66A8405B-BE92-4870-A9AF-F371F5727A13}.Release|x64.ActiveCfg = Release|x64
		{66A8405B-BE92-4870-A9AF-F371F5727A13}.Release|x64.Build.0 = Release|x64
		{66A8405B-BE92-4870-A9AF-F371F5727A13}.Release|x64.Deploy.0 = Release|x64
		{66A8405B-BE92-4870-A9AF-F371F5727A13}.Release|x86.ActiveCfg = Release|x86
		{66A8405B-BE92-4870-A9AF-F371F5727A13}.Release|x86.Build.0 = Release|x86
		{66A8405B-BE92-4870-A9AF-F371F5727A13}.Release|x86.Deploy.0 = Release|x86
		{FC98C05A-2F52-4AE9-B6A8-36657094900B}.Ad-Hoc|Any CPU.ActiveCfg = Debug|Any CPU
		{FC98C05A-2F52-4AE9-B6A8-36657094900B}.Ad-Hoc|Any CPU.Build.0 = Debug|Any CPU
		{FC98C05A-2F52-4AE9-B6A8-36657094900B}.Ad-Hoc|Any CPU.Deploy.0 = Debug|Any CPU
		{FC98C05A-2F52-4AE9-B6A8-36657094900B}.Ad-Hoc|ARM.ActiveCfg = Debug|Any CPU
		{FC98C05A-2F52-4AE9-B6A8-36657094900B}.Ad-Hoc|ARM.Build.0 = Debug|Any CPU
		{FC98C05A-2F52-4AE9-B6A8-36657094900B}.Ad-Hoc|ARM.Deploy.0 = Debug|Any CPU
		{FC98C05A-2F52-4AE9-B6A8-36657094900B}.Ad-Hoc|iPhone.ActiveCfg = Debug|Any CPU
		{FC98C05A-2F52-4AE9-B6A8-36657094900B}.Ad-Hoc|iPhone.Build.0 = Debug|Any CPU
		{FC98C05A-2F52-4AE9-B6A8-36657094900B}.Ad-Hoc|iPhone.Deploy.0 = Debug|Any CPU
		{FC98C05A-2F52-4AE9-B6A8-36657094900B}.Ad-Hoc|iPhoneSimulator.ActiveCfg = Debug|Any CPU
		{FC98C05A-2F52-4AE9-B6A8-36657094900B}.Ad-Hoc|iPhoneSimulator.Build.0 = Debug|Any CPU
		{FC98C05A-2F52-4AE9-B6A8-36657094900B}.Ad-Hoc|iPhoneSimulator.Deploy.0 = Debug|Any CPU
		{FC98C05A-2F52-4AE9-B6A8-36657094900B}.Ad-Hoc|x64.ActiveCfg = Debug|Any CPU
		{FC98C05A-2F52-4AE9-B6A8-36657094900B}.Ad-Hoc|x64.Build.0 = Debug|Any CPU
		{FC98C05A-2F52-4AE9-B6A8-36657094900B}.Ad-Hoc|x64.Deploy.0 = Debug|Any CPU
		{FC98C05A-2F52-4AE9-B6A8-36657094900B}.Ad-Hoc|x86.ActiveCfg = Debug|Any CPU
		{FC98C05A-2F52-4AE9-B6A8-36657094900B}.Ad-Hoc|x86.Build.0 = Debug|Any CPU
		{FC98C05A-2F52-4AE9-B6A8-36657094900B}.Ad-Hoc|x86.Deploy.0 = Debug|Any CPU
		{FC98C05A-2F52-4AE9-B6A8-36657094900B}.AppStore|Any CPU.ActiveCfg = Debug|Any CPU
		{FC98C05A-2F52-4AE9-B6A8-36657094900B}.AppStore|Any CPU.Build.0 = Debug|Any CPU
		{FC98C05A-2F52-4AE9-B6A8-36657094900B}.AppStore|Any CPU.Deploy.0 = Debug|Any CPU
		{FC98C05A-2F52-4AE9-B6A8-36657094900B}.AppStore|ARM.ActiveCfg = Debug|Any CPU
		{FC98C05A-2F52-4AE9-B6A8-36657094900B}.AppStore|ARM.Build.0 = Debug|Any CPU
		{FC98C05A-2F52-4AE9-B6A8-36657094900B}.AppStore|ARM.Deploy.0 = Debug|Any CPU
		{FC98C05A-2F52-4AE9-B6A8-36657094900B}.AppStore|iPhone.ActiveCfg = Debug|Any CPU
		{FC98C05A-2F52-4AE9-B6A8-36657094900B}.AppStore|iPhone.Build.0 = Debug|Any CPU
		{FC98C05A-2F52-4AE9-B6A8-36657094900B}.AppStore|iPhone.Deploy.0 = Debug|Any CPU
		{FC98C05A-2F52-4AE9-B6A8-36657094900B}.AppStore|iPhoneSimulator.ActiveCfg = Debug|Any CPU
		{FC98C05A-2F52-4AE9-B6A8-36657094900B}.AppStore|iPhoneSimulator.Build.0 = Debug|Any CPU
		{FC98C05A-2F52-4AE9-B6A8-36657094900B}.AppStore|iPhoneSimulator.Deploy.0 = Debug|Any CPU
		{FC98C05A-2F52-4AE9-B6A8-36657094900B}.AppStore|x64.ActiveCfg = Debug|Any CPU
		{FC98C05A-2F52-4AE9-B6A8-36657094900B}.AppStore|x64.Build.0 = Debug|Any CPU
		{FC98C05A-2F52-4AE9-B6A8-36657094900B}.AppStore|x64.Deploy.0 = Debug|Any CPU
		{FC98C05A-2F52-4AE9-B6A8-36657094900B}.AppStore|x86.ActiveCfg = Debug|Any CPU
		{FC98C05A-2F52-4AE9-B6A8-36657094900B}.AppStore|x86.Build.0 = Debug|Any CPU
		{FC98C05A-2F52-4AE9-B6A8-36657094900B}.AppStore|x86.Deploy.0 = Debug|Any CPU
		{FC98C05A-2F52-4AE9-B6A8-36657094900B}.Debug|Any CPU.ActiveCfg = Debug|Any CPU
		{FC98C05A-2F52-4AE9-B6A8-36657094900B}.Debug|Any CPU.Build.0 = Debug|Any CPU
		{FC98C05A-2F52-4AE9-B6A8-36657094900B}.Debug|Any CPU.Deploy.0 = Debug|Any CPU
		{FC98C05A-2F52-4AE9-B6A8-36657094900B}.Debug|ARM.ActiveCfg = Debug|Any CPU
		{FC98C05A-2F52-4AE9-B6A8-36657094900B}.Debug|ARM.Build.0 = Debug|Any CPU
		{FC98C05A-2F52-4AE9-B6A8-36657094900B}.Debug|ARM.Deploy.0 = Debug|Any CPU
		{FC98C05A-2F52-4AE9-B6A8-36657094900B}.Debug|iPhone.ActiveCfg = Debug|Any CPU
		{FC98C05A-2F52-4AE9-B6A8-36657094900B}.Debug|iPhone.Build.0 = Debug|Any CPU
		{FC98C05A-2F52-4AE9-B6A8-36657094900B}.Debug|iPhone.Deploy.0 = Debug|Any CPU
		{FC98C05A-2F52-4AE9-B6A8-36657094900B}.Debug|iPhoneSimulator.ActiveCfg = Debug|Any CPU
		{FC98C05A-2F52-4AE9-B6A8-36657094900B}.Debug|iPhoneSimulator.Build.0 = Debug|Any CPU
		{FC98C05A-2F52-4AE9-B6A8-36657094900B}.Debug|iPhoneSimulator.Deploy.0 = Debug|Any CPU
		{FC98C05A-2F52-4AE9-B6A8-36657094900B}.Debug|x64.ActiveCfg = Debug|Any CPU
		{FC98C05A-2F52-4AE9-B6A8-36657094900B}.Debug|x64.Build.0 = Debug|Any CPU
		{FC98C05A-2F52-4AE9-B6A8-36657094900B}.Debug|x64.Deploy.0 = Debug|Any CPU
		{FC98C05A-2F52-4AE9-B6A8-36657094900B}.Debug|x86.ActiveCfg = Debug|Any CPU
		{FC98C05A-2F52-4AE9-B6A8-36657094900B}.Debug|x86.Build.0 = Debug|Any CPU
		{FC98C05A-2F52-4AE9-B6A8-36657094900B}.Debug|x86.Deploy.0 = Debug|Any CPU
		{FC98C05A-2F52-4AE9-B6A8-36657094900B}.Release|Any CPU.ActiveCfg = Release|Any CPU
		{FC98C05A-2F52-4AE9-B6A8-36657094900B}.Release|Any CPU.Build.0 = Release|Any CPU
		{FC98C05A-2F52-4AE9-B6A8-36657094900B}.Release|Any CPU.Deploy.0 = Release|Any CPU
		{FC98C05A-2F52-4AE9-B6A8-36657094900B}.Release|ARM.ActiveCfg = Release|Any CPU
		{FC98C05A-2F52-4AE9-B6A8-36657094900B}.Release|ARM.Build.0 = Release|Any CPU
		{FC98C05A-2F52-4AE9-B6A8-36657094900B}.Release|ARM.Deploy.0 = Release|Any CPU
		{FC98C05A-2F52-4AE9-B6A8-36657094900B}.Release|iPhone.ActiveCfg = Release|Any CPU
		{FC98C05A-2F52-4AE9-B6A8-36657094900B}.Release|iPhone.Build.0 = Release|Any CPU
		{FC98C05A-2F52-4AE9-B6A8-36657094900B}.Release|iPhone.Deploy.0 = Release|Any CPU
		{FC98C05A-2F52-4AE9-B6A8-36657094900B}.Release|iPhoneSimulator.ActiveCfg = Release|Any CPU
		{FC98C05A-2F52-4AE9-B6A8-36657094900B}.Release|iPhoneSimulator.Build.0 = Release|Any CPU
		{FC98C05A-2F52-4AE9-B6A8-36657094900B}.Release|iPhoneSimulator.Deploy.0 = Release|Any CPU
		{FC98C05A-2F52-4AE9-B6A8-36657094900B}.Release|x64.ActiveCfg = Release|Any CPU
		{FC98C05A-2F52-4AE9-B6A8-36657094900B}.Release|x64.Build.0 = Release|Any CPU
		{FC98C05A-2F52-4AE9-B6A8-36657094900B}.Release|x64.Deploy.0 = Release|Any CPU
		{FC98C05A-2F52-4AE9-B6A8-36657094900B}.Release|x86.ActiveCfg = Release|Any CPU
		{FC98C05A-2F52-4AE9-B6A8-36657094900B}.Release|x86.Build.0 = Release|Any CPU
		{FC98C05A-2F52-4AE9-B6A8-36657094900B}.Release|x86.Deploy.0 = Release|Any CPU
		{0ACE0CBB-6BB4-4E10-B6E0-1DB7B2DF807E}.Ad-Hoc|Any CPU.ActiveCfg = Debug|Any CPU
		{0ACE0CBB-6BB4-4E10-B6E0-1DB7B2DF807E}.Ad-Hoc|Any CPU.Build.0 = Debug|Any CPU
		{0ACE0CBB-6BB4-4E10-B6E0-1DB7B2DF807E}.Ad-Hoc|ARM.ActiveCfg = Debug|Any CPU
		{0ACE0CBB-6BB4-4E10-B6E0-1DB7B2DF807E}.Ad-Hoc|ARM.Build.0 = Debug|Any CPU
		{0ACE0CBB-6BB4-4E10-B6E0-1DB7B2DF807E}.Ad-Hoc|iPhone.ActiveCfg = Debug|Any CPU
		{0ACE0CBB-6BB4-4E10-B6E0-1DB7B2DF807E}.Ad-Hoc|iPhone.Build.0 = Debug|Any CPU
		{0ACE0CBB-6BB4-4E10-B6E0-1DB7B2DF807E}.Ad-Hoc|iPhoneSimulator.ActiveCfg = Debug|Any CPU
		{0ACE0CBB-6BB4-4E10-B6E0-1DB7B2DF807E}.Ad-Hoc|iPhoneSimulator.Build.0 = Debug|Any CPU
		{0ACE0CBB-6BB4-4E10-B6E0-1DB7B2DF807E}.Ad-Hoc|x64.ActiveCfg = Debug|Any CPU
		{0ACE0CBB-6BB4-4E10-B6E0-1DB7B2DF807E}.Ad-Hoc|x64.Build.0 = Debug|Any CPU
		{0ACE0CBB-6BB4-4E10-B6E0-1DB7B2DF807E}.Ad-Hoc|x86.ActiveCfg = Debug|Any CPU
		{0ACE0CBB-6BB4-4E10-B6E0-1DB7B2DF807E}.Ad-Hoc|x86.Build.0 = Debug|Any CPU
		{0ACE0CBB-6BB4-4E10-B6E0-1DB7B2DF807E}.AppStore|Any CPU.ActiveCfg = Debug|Any CPU
		{0ACE0CBB-6BB4-4E10-B6E0-1DB7B2DF807E}.AppStore|Any CPU.Build.0 = Debug|Any CPU
		{0ACE0CBB-6BB4-4E10-B6E0-1DB7B2DF807E}.AppStore|ARM.ActiveCfg = Debug|Any CPU
		{0ACE0CBB-6BB4-4E10-B6E0-1DB7B2DF807E}.AppStore|ARM.Build.0 = Debug|Any CPU
		{0ACE0CBB-6BB4-4E10-B6E0-1DB7B2DF807E}.AppStore|iPhone.ActiveCfg = Debug|Any CPU
		{0ACE0CBB-6BB4-4E10-B6E0-1DB7B2DF807E}.AppStore|iPhone.Build.0 = Debug|Any CPU
		{0ACE0CBB-6BB4-4E10-B6E0-1DB7B2DF807E}.AppStore|iPhoneSimulator.ActiveCfg = Debug|Any CPU
		{0ACE0CBB-6BB4-4E10-B6E0-1DB7B2DF807E}.AppStore|iPhoneSimulator.Build.0 = Debug|Any CPU
		{0ACE0CBB-6BB4-4E10-B6E0-1DB7B2DF807E}.AppStore|x64.ActiveCfg = Debug|Any CPU
		{0ACE0CBB-6BB4-4E10-B6E0-1DB7B2DF807E}.AppStore|x64.Build.0 = Debug|Any CPU
		{0ACE0CBB-6BB4-4E10-B6E0-1DB7B2DF807E}.AppStore|x86.ActiveCfg = Debug|Any CPU
		{0ACE0CBB-6BB4-4E10-B6E0-1DB7B2DF807E}.AppStore|x86.Build.0 = Debug|Any CPU
		{0ACE0CBB-6BB4-4E10-B6E0-1DB7B2DF807E}.Debug|Any CPU.ActiveCfg = Debug|Any CPU
		{0ACE0CBB-6BB4-4E10-B6E0-1DB7B2DF807E}.Debug|Any CPU.Build.0 = Debug|Any CPU
		{0ACE0CBB-6BB4-4E10-B6E0-1DB7B2DF807E}.Debug|ARM.ActiveCfg = Debug|Any CPU
		{0ACE0CBB-6BB4-4E10-B6E0-1DB7B2DF807E}.Debug|ARM.Build.0 = Debug|Any CPU
		{0ACE0CBB-6BB4-4E10-B6E0-1DB7B2DF807E}.Debug|iPhone.ActiveCfg = Debug|Any CPU
		{0ACE0CBB-6BB4-4E10-B6E0-1DB7B2DF807E}.Debug|iPhone.Build.0 = Debug|Any CPU
		{0ACE0CBB-6BB4-4E10-B6E0-1DB7B2DF807E}.Debug|iPhoneSimulator.ActiveCfg = Debug|Any CPU
		{0ACE0CBB-6BB4-4E10-B6E0-1DB7B2DF807E}.Debug|iPhoneSimulator.Build.0 = Debug|Any CPU
		{0ACE0CBB-6BB4-4E10-B6E0-1DB7B2DF807E}.Debug|x64.ActiveCfg = Debug|Any CPU
		{0ACE0CBB-6BB4-4E10-B6E0-1DB7B2DF807E}.Debug|x64.Build.0 = Debug|Any CPU
		{0ACE0CBB-6BB4-4E10-B6E0-1DB7B2DF807E}.Debug|x86.ActiveCfg = Debug|Any CPU
		{0ACE0CBB-6BB4-4E10-B6E0-1DB7B2DF807E}.Debug|x86.Build.0 = Debug|Any CPU
		{0ACE0CBB-6BB4-4E10-B6E0-1DB7B2DF807E}.Release|Any CPU.ActiveCfg = Release|Any CPU
		{0ACE0CBB-6BB4-4E10-B6E0-1DB7B2DF807E}.Release|Any CPU.Build.0 = Release|Any CPU
		{0ACE0CBB-6BB4-4E10-B6E0-1DB7B2DF807E}.Release|ARM.ActiveCfg = Release|Any CPU
		{0ACE0CBB-6BB4-4E10-B6E0-1DB7B2DF807E}.Release|ARM.Build.0 = Release|Any CPU
		{0ACE0CBB-6BB4-4E10-B6E0-1DB7B2DF807E}.Release|iPhone.ActiveCfg = Release|Any CPU
		{0ACE0CBB-6BB4-4E10-B6E0-1DB7B2DF807E}.Release|iPhone.Build.0 = Release|Any CPU
		{0ACE0CBB-6BB4-4E10-B6E0-1DB7B2DF807E}.Release|iPhoneSimulator.ActiveCfg = Release|Any CPU
		{0ACE0CBB-6BB4-4E10-B6E0-1DB7B2DF807E}.Release|iPhoneSimulator.Build.0 = Release|Any CPU
		{0ACE0CBB-6BB4-4E10-B6E0-1DB7B2DF807E}.Release|x64.ActiveCfg = Release|Any CPU
		{0ACE0CBB-6BB4-4E10-B6E0-1DB7B2DF807E}.Release|x64.Build.0 = Release|Any CPU
		{0ACE0CBB-6BB4-4E10-B6E0-1DB7B2DF807E}.Release|x86.ActiveCfg = Release|Any CPU
		{0ACE0CBB-6BB4-4E10-B6E0-1DB7B2DF807E}.Release|x86.Build.0 = Release|Any CPU
	EndGlobalSection
	GlobalSection(SolutionProperties) = preSolution
		HideSolutionNode = FALSE
	EndGlobalSection
	GlobalSection(ExtensibilityGlobals) = postSolution
		SolutionGuid = {78B5D572-8CD2-42A9-BA42-97CEFA9D21AE}
	EndGlobalSection
EndGlobal
